// !$*UTF8*$!
{
	archiveVersion = 1;
	classes = {
	};
	objectVersion = 50;
	objects = {

/* Begin PBXBuildFile section */
		CC64719E25FFB5A70068D82C /* AppDelegate.swift in Sources */ = {isa = PBXBuildFile; fileRef = CC64719D25FFB5A70068D82C /* AppDelegate.swift */; };
		CC6471A025FFB5A70068D82C /* SceneDelegate.swift in Sources */ = {isa = PBXBuildFile; fileRef = CC64719F25FFB5A70068D82C /* SceneDelegate.swift */; };
		CC6471A225FFB5A70068D82C /* ContentView.swift in Sources */ = {isa = PBXBuildFile; fileRef = CC6471A125FFB5A70068D82C /* ContentView.swift */; };
		CC6471A525FFB5A70068D82C /* BrubankMovieDBExercise.xcdatamodeld in Sources */ = {isa = PBXBuildFile; fileRef = CC6471A325FFB5A70068D82C /* BrubankMovieDBExercise.xcdatamodeld */; };
		CC6471A725FFB5A80068D82C /* Assets.xcassets in Resources */ = {isa = PBXBuildFile; fileRef = CC6471A625FFB5A80068D82C /* Assets.xcassets */; };
		CC6471AA25FFB5A80068D82C /* Preview Assets.xcassets in Resources */ = {isa = PBXBuildFile; fileRef = CC6471A925FFB5A80068D82C /* Preview Assets.xcassets */; };
		CC6471AD25FFB5A80068D82C /* LaunchScreen.storyboard in Resources */ = {isa = PBXBuildFile; fileRef = CC6471AB25FFB5A80068D82C /* LaunchScreen.storyboard */; };
		CC6471B825FFB5A80068D82C /* BrubankMovieDBExerciseTests.swift in Sources */ = {isa = PBXBuildFile; fileRef = CC6471B725FFB5A80068D82C /* BrubankMovieDBExerciseTests.swift */; };
		CC6471C325FFB5A80068D82C /* BrubankMovieDBExerciseUITests.swift in Sources */ = {isa = PBXBuildFile; fileRef = CC6471C225FFB5A80068D82C /* BrubankMovieDBExerciseUITests.swift */; };
		CC6471EC25FFB6F80068D82C /* Constants.swift in Sources */ = {isa = PBXBuildFile; fileRef = CC6471EB25FFB6F80068D82C /* Constants.swift */; };
		CC6471F125FFBD270068D82C /* TVShow.swift in Sources */ = {isa = PBXBuildFile; fileRef = CC6471F025FFBD270068D82C /* TVShow.swift */; };
		CC7DFFFC26012C2200044EF1 /* AllTVShowsView.swift in Sources */ = {isa = PBXBuildFile; fileRef = CC7DFFFB26012C2200044EF1 /* AllTVShowsView.swift */; };
		CC8A5B252600E8F100373B1A /* TVShowListState.swift in Sources */ = {isa = PBXBuildFile; fileRef = CC8A5B242600E8F100373B1A /* TVShowListState.swift */; };
		CC8A5B2A2600EADA00373B1A /* TVShowSearchState.swift in Sources */ = {isa = PBXBuildFile; fileRef = CC8A5B292600EADA00373B1A /* TVShowSearchState.swift */; };
		CC8A5B2F2600ED0D00373B1A /* FavoriteTVShowCarouselView.swift in Sources */ = {isa = PBXBuildFile; fileRef = CC8A5B2E2600ED0D00373B1A /* FavoriteTVShowCarouselView.swift */; };
		CC8A5B342600EEBF00373B1A /* TVShowDetailView.swift in Sources */ = {isa = PBXBuildFile; fileRef = CC8A5B332600EEBF00373B1A /* TVShowDetailView.swift */; };
		CC8A5B392600F2BE00373B1A /* LoadingView.swift in Sources */ = {isa = PBXBuildFile; fileRef = CC8A5B382600F2BE00373B1A /* LoadingView.swift */; };
		CC8A5B412600F37F00373B1A /* ActivityIndicatorView.swift in Sources */ = {isa = PBXBuildFile; fileRef = CC8A5B3E2600F37F00373B1A /* ActivityIndicatorView.swift */; };
		CC8A5B422600F37F00373B1A /* SafariView.swift in Sources */ = {isa = PBXBuildFile; fileRef = CC8A5B3F2600F37F00373B1A /* SafariView.swift */; };
		CC8A5B432600F37F00373B1A /* SearchBar.swift in Sources */ = {isa = PBXBuildFile; fileRef = CC8A5B402600F37F00373B1A /* SearchBar.swift */; };
		CC8FAD3925FFE22D00A7264E /* APIRequestProtocol.swift in Sources */ = {isa = PBXBuildFile; fileRef = CC8FAD3825FFE22D00A7264E /* APIRequestProtocol.swift */; };
		CC8FAD4125FFE24600A7264E /* APIRequest.swift in Sources */ = {isa = PBXBuildFile; fileRef = CC8FAD4025FFE24600A7264E /* APIRequest.swift */; };
		CC8FAD4625FFE5E800A7264E /* Utils.swift in Sources */ = {isa = PBXBuildFile; fileRef = CC8FAD4525FFE5E800A7264E /* Utils.swift */; };
		CC8FAD4C25FFEEE700A7264E /* TVShowBackDropView.swift in Sources */ = {isa = PBXBuildFile; fileRef = CC8FAD4B25FFEEE700A7264E /* TVShowBackDropView.swift */; };
		CC8FAD5425FFEFBF00A7264E /* ImageLoader.swift in Sources */ = {isa = PBXBuildFile; fileRef = CC8FAD5325FFEFBF00A7264E /* ImageLoader.swift */; };
		CC8FAD5925FFF13900A7264E /* SampledPreviews.swift in Sources */ = {isa = PBXBuildFile; fileRef = CC8FAD5825FFF13900A7264E /* SampledPreviews.swift */; };
		CC8FAD6D25FFF2A600A7264E /* tvshow_info.json in Resources */ = {isa = PBXBuildFile; fileRef = CC8FAD6A25FFF2A600A7264E /* tvshow_info.json */; };
		CC8FAD6E25FFF2A600A7264E /* tvshow_list.json in Resources */ = {isa = PBXBuildFile; fileRef = CC8FAD6B25FFF2A600A7264E /* tvshow_list.json */; };
		CC8FAD6F25FFF2A600A7264E /* search_tvshow.json in Resources */ = {isa = PBXBuildFile; fileRef = CC8FAD6C25FFF2A600A7264E /* search_tvshow.json */; };
		CC8FAD7B2600482B00A7264E /* TVShowPosterView.swift in Sources */ = {isa = PBXBuildFile; fileRef = CC8FAD7A2600482B00A7264E /* TVShowPosterView.swift */; };
		CC8FAD892600641800A7264E /* TVShowDetailState.swift in Sources */ = {isa = PBXBuildFile; fileRef = CC8FAD882600641800A7264E /* TVShowDetailState.swift */; };
		CCB99F9B26050477000DE7B4 /* UIImage+Extension.swift in Sources */ = {isa = PBXBuildFile; fileRef = CCB99F9A26050477000DE7B4 /* UIImage+Extension.swift */; };
		CCBDCDB12603B9C700950B1E /* genres.json in Resources */ = {isa = PBXBuildFile; fileRef = CCBDCDB02603B9C700950B1E /* genres.json */; };
		CCBDCDB62603B9DE00950B1E /* Genre.swift in Sources */ = {isa = PBXBuildFile; fileRef = CCBDCDB52603B9DE00950B1E /* Genre.swift */; };
		CCBDCDCE2603D19D00950B1E /* GenreListState.swift in Sources */ = {isa = PBXBuildFile; fileRef = CCBDCDCD2603D19D00950B1E /* GenreListState.swift */; };
		CCFC6EA226013AC800E57E0F /* TVShowSearchView.swift in Sources */ = {isa = PBXBuildFile; fileRef = CCFC6EA126013AC800E57E0F /* TVShowSearchView.swift */; };
		CCFC6EAD2601606F00E57E0F /* tvshow_list2.json in Resources */ = {isa = PBXBuildFile; fileRef = CCFC6EAC2601606F00E57E0F /* tvshow_list2.json */; };
/* End PBXBuildFile section */

/* Begin PBXContainerItemProxy section */
		CC6471B425FFB5A80068D82C /* PBXContainerItemProxy */ = {
			isa = PBXContainerItemProxy;
			containerPortal = CC64719225FFB5A70068D82C /* Project object */;
			proxyType = 1;
			remoteGlobalIDString = CC64719925FFB5A70068D82C;
			remoteInfo = BrubankMovieDBExercise;
		};
		CC6471BF25FFB5A80068D82C /* PBXContainerItemProxy */ = {
			isa = PBXContainerItemProxy;
			containerPortal = CC64719225FFB5A70068D82C /* Project object */;
			proxyType = 1;
			remoteGlobalIDString = CC64719925FFB5A70068D82C;
			remoteInfo = BrubankMovieDBExercise;
		};
/* End PBXContainerItemProxy section */

/* Begin PBXFileReference section */
		CC64719A25FFB5A70068D82C /* BrubankMovieDBExercise.app */ = {isa = PBXFileReference; explicitFileType = wrapper.application; includeInIndex = 0; path = BrubankMovieDBExercise.app; sourceTree = BUILT_PRODUCTS_DIR; };
		CC64719D25FFB5A70068D82C /* AppDelegate.swift */ = {isa = PBXFileReference; lastKnownFileType = sourcecode.swift; path = AppDelegate.swift; sourceTree = "<group>"; };
		CC64719F25FFB5A70068D82C /* SceneDelegate.swift */ = {isa = PBXFileReference; lastKnownFileType = sourcecode.swift; path = SceneDelegate.swift; sourceTree = "<group>"; };
		CC6471A125FFB5A70068D82C /* ContentView.swift */ = {isa = PBXFileReference; lastKnownFileType = sourcecode.swift; path = ContentView.swift; sourceTree = "<group>"; };
		CC6471A425FFB5A70068D82C /* BrubankMovieDBExercise.xcdatamodel */ = {isa = PBXFileReference; lastKnownFileType = wrapper.xcdatamodel; path = BrubankMovieDBExercise.xcdatamodel; sourceTree = "<group>"; };
		CC6471A625FFB5A80068D82C /* Assets.xcassets */ = {isa = PBXFileReference; lastKnownFileType = folder.assetcatalog; path = Assets.xcassets; sourceTree = "<group>"; };
		CC6471A925FFB5A80068D82C /* Preview Assets.xcassets */ = {isa = PBXFileReference; lastKnownFileType = folder.assetcatalog; path = "Preview Assets.xcassets"; sourceTree = "<group>"; };
		CC6471AC25FFB5A80068D82C /* Base */ = {isa = PBXFileReference; lastKnownFileType = file.storyboard; name = Base; path = Base.lproj/LaunchScreen.storyboard; sourceTree = "<group>"; };
		CC6471AE25FFB5A80068D82C /* Info.plist */ = {isa = PBXFileReference; lastKnownFileType = text.plist.xml; path = Info.plist; sourceTree = "<group>"; };
		CC6471B325FFB5A80068D82C /* BrubankMovieDBExerciseTests.xctest */ = {isa = PBXFileReference; explicitFileType = wrapper.cfbundle; includeInIndex = 0; path = BrubankMovieDBExerciseTests.xctest; sourceTree = BUILT_PRODUCTS_DIR; };
		CC6471B725FFB5A80068D82C /* BrubankMovieDBExerciseTests.swift */ = {isa = PBXFileReference; lastKnownFileType = sourcecode.swift; path = BrubankMovieDBExerciseTests.swift; sourceTree = "<group>"; };
		CC6471B925FFB5A80068D82C /* Info.plist */ = {isa = PBXFileReference; lastKnownFileType = text.plist.xml; path = Info.plist; sourceTree = "<group>"; };
		CC6471BE25FFB5A80068D82C /* BrubankMovieDBExerciseUITests.xctest */ = {isa = PBXFileReference; explicitFileType = wrapper.cfbundle; includeInIndex = 0; path = BrubankMovieDBExerciseUITests.xctest; sourceTree = BUILT_PRODUCTS_DIR; };
		CC6471C225FFB5A80068D82C /* BrubankMovieDBExerciseUITests.swift */ = {isa = PBXFileReference; lastKnownFileType = sourcecode.swift; path = BrubankMovieDBExerciseUITests.swift; sourceTree = "<group>"; };
		CC6471C425FFB5A80068D82C /* Info.plist */ = {isa = PBXFileReference; lastKnownFileType = text.plist.xml; path = Info.plist; sourceTree = "<group>"; };
		CC6471EB25FFB6F80068D82C /* Constants.swift */ = {isa = PBXFileReference; lastKnownFileType = sourcecode.swift; path = Constants.swift; sourceTree = "<group>"; };
		CC6471F025FFBD270068D82C /* TVShow.swift */ = {isa = PBXFileReference; lastKnownFileType = sourcecode.swift; path = TVShow.swift; sourceTree = "<group>"; };
		CC7DFFFB26012C2200044EF1 /* AllTVShowsView.swift */ = {isa = PBXFileReference; lastKnownFileType = sourcecode.swift; path = AllTVShowsView.swift; sourceTree = "<group>"; };
		CC8A5B242600E8F100373B1A /* TVShowListState.swift */ = {isa = PBXFileReference; lastKnownFileType = sourcecode.swift; path = TVShowListState.swift; sourceTree = "<group>"; };
		CC8A5B292600EADA00373B1A /* TVShowSearchState.swift */ = {isa = PBXFileReference; lastKnownFileType = sourcecode.swift; path = TVShowSearchState.swift; sourceTree = "<group>"; };
		CC8A5B2E2600ED0D00373B1A /* FavoriteTVShowCarouselView.swift */ = {isa = PBXFileReference; lastKnownFileType = sourcecode.swift; path = FavoriteTVShowCarouselView.swift; sourceTree = "<group>"; };
		CC8A5B332600EEBF00373B1A /* TVShowDetailView.swift */ = {isa = PBXFileReference; lastKnownFileType = sourcecode.swift; path = TVShowDetailView.swift; sourceTree = "<group>"; };
		CC8A5B382600F2BE00373B1A /* LoadingView.swift */ = {isa = PBXFileReference; lastKnownFileType = sourcecode.swift; path = LoadingView.swift; sourceTree = "<group>"; };
		CC8A5B3E2600F37F00373B1A /* ActivityIndicatorView.swift */ = {isa = PBXFileReference; fileEncoding = 4; lastKnownFileType = sourcecode.swift; path = ActivityIndicatorView.swift; sourceTree = "<group>"; };
		CC8A5B3F2600F37F00373B1A /* SafariView.swift */ = {isa = PBXFileReference; fileEncoding = 4; lastKnownFileType = sourcecode.swift; path = SafariView.swift; sourceTree = "<group>"; };
		CC8A5B402600F37F00373B1A /* SearchBar.swift */ = {isa = PBXFileReference; fileEncoding = 4; lastKnownFileType = sourcecode.swift; path = SearchBar.swift; sourceTree = "<group>"; };
		CC8FAD3825FFE22D00A7264E /* APIRequestProtocol.swift */ = {isa = PBXFileReference; lastKnownFileType = sourcecode.swift; path = APIRequestProtocol.swift; sourceTree = "<group>"; };
		CC8FAD4025FFE24600A7264E /* APIRequest.swift */ = {isa = PBXFileReference; lastKnownFileType = sourcecode.swift; path = APIRequest.swift; sourceTree = "<group>"; };
		CC8FAD4525FFE5E800A7264E /* Utils.swift */ = {isa = PBXFileReference; lastKnownFileType = sourcecode.swift; path = Utils.swift; sourceTree = "<group>"; };
		CC8FAD4B25FFEEE700A7264E /* TVShowBackDropView.swift */ = {isa = PBXFileReference; lastKnownFileType = sourcecode.swift; path = TVShowBackDropView.swift; sourceTree = "<group>"; };
		CC8FAD5325FFEFBF00A7264E /* ImageLoader.swift */ = {isa = PBXFileReference; lastKnownFileType = sourcecode.swift; path = ImageLoader.swift; sourceTree = "<group>"; };
		CC8FAD5825FFF13900A7264E /* SampledPreviews.swift */ = {isa = PBXFileReference; lastKnownFileType = sourcecode.swift; path = SampledPreviews.swift; sourceTree = "<group>"; };
		CC8FAD6A25FFF2A600A7264E /* tvshow_info.json */ = {isa = PBXFileReference; fileEncoding = 4; lastKnownFileType = text.json; path = tvshow_info.json; sourceTree = "<group>"; };
		CC8FAD6B25FFF2A600A7264E /* tvshow_list.json */ = {isa = PBXFileReference; fileEncoding = 4; lastKnownFileType = text.json; path = tvshow_list.json; sourceTree = "<group>"; };
		CC8FAD6C25FFF2A600A7264E /* search_tvshow.json */ = {isa = PBXFileReference; fileEncoding = 4; lastKnownFileType = text.json; path = search_tvshow.json; sourceTree = "<group>"; };
		CC8FAD7325FFFADD00A7264E /* NOTES.md */ = {isa = PBXFileReference; lastKnownFileType = net.daringfireball.markdown; path = NOTES.md; sourceTree = "<group>"; };
		CC8FAD7A2600482B00A7264E /* TVShowPosterView.swift */ = {isa = PBXFileReference; lastKnownFileType = sourcecode.swift; path = TVShowPosterView.swift; sourceTree = "<group>"; };
		CC8FAD882600641800A7264E /* TVShowDetailState.swift */ = {isa = PBXFileReference; lastKnownFileType = sourcecode.swift; path = TVShowDetailState.swift; sourceTree = "<group>"; };
		CCB99F9A26050477000DE7B4 /* UIImage+Extension.swift */ = {isa = PBXFileReference; lastKnownFileType = sourcecode.swift; path = "UIImage+Extension.swift"; sourceTree = "<group>"; };
		CCBDCDB02603B9C700950B1E /* genres.json */ = {isa = PBXFileReference; fileEncoding = 4; lastKnownFileType = text.json; path = genres.json; sourceTree = "<group>"; };
		CCBDCDB52603B9DE00950B1E /* Genre.swift */ = {isa = PBXFileReference; lastKnownFileType = sourcecode.swift; path = Genre.swift; sourceTree = "<group>"; };
		CCBDCDCD2603D19D00950B1E /* GenreListState.swift */ = {isa = PBXFileReference; fileEncoding = 4; lastKnownFileType = sourcecode.swift; path = GenreListState.swift; sourceTree = "<group>"; };
		CCFC6EA126013AC800E57E0F /* TVShowSearchView.swift */ = {isa = PBXFileReference; lastKnownFileType = sourcecode.swift; path = TVShowSearchView.swift; sourceTree = "<group>"; };
		CCFC6EAC2601606F00E57E0F /* tvshow_list2.json */ = {isa = PBXFileReference; fileEncoding = 4; lastKnownFileType = text.json; path = tvshow_list2.json; sourceTree = "<group>"; };
/* End PBXFileReference section */

/* Begin PBXFrameworksBuildPhase section */
		CC64719725FFB5A70068D82C /* Frameworks */ = {
			isa = PBXFrameworksBuildPhase;
			buildActionMask = 2147483647;
			files = (
			);
			runOnlyForDeploymentPostprocessing = 0;
		};
		CC6471B025FFB5A80068D82C /* Frameworks */ = {
			isa = PBXFrameworksBuildPhase;
			buildActionMask = 2147483647;
			files = (
			);
			runOnlyForDeploymentPostprocessing = 0;
		};
		CC6471BB25FFB5A80068D82C /* Frameworks */ = {
			isa = PBXFrameworksBuildPhase;
			buildActionMask = 2147483647;
			files = (
			);
			runOnlyForDeploymentPostprocessing = 0;
		};
/* End PBXFrameworksBuildPhase section */

/* Begin PBXGroup section */
		CC64719125FFB5A70068D82C = {
			isa = PBXGroup;
			children = (
				CC8FAD7325FFFADD00A7264E /* NOTES.md */,
				CC64719C25FFB5A70068D82C /* BrubankMovieDBExercise */,
				CC6471B625FFB5A80068D82C /* BrubankMovieDBExerciseTests */,
				CC6471C125FFB5A80068D82C /* BrubankMovieDBExerciseUITests */,
				CC64719B25FFB5A70068D82C /* Products */,
			);
			sourceTree = "<group>";
		};
		CC64719B25FFB5A70068D82C /* Products */ = {
			isa = PBXGroup;
			children = (
				CC64719A25FFB5A70068D82C /* BrubankMovieDBExercise.app */,
				CC6471B325FFB5A80068D82C /* BrubankMovieDBExerciseTests.xctest */,
				CC6471BE25FFB5A80068D82C /* BrubankMovieDBExerciseUITests.xctest */,
			);
			name = Products;
			sourceTree = "<group>";
		};
		CC64719C25FFB5A70068D82C /* BrubankMovieDBExercise */ = {
			isa = PBXGroup;
			children = (
				CC64719D25FFB5A70068D82C /* AppDelegate.swift */,
				CC64719F25FFB5A70068D82C /* SceneDelegate.swift */,
				CC6471EB25FFB6F80068D82C /* Constants.swift */,
				CC8FAD4525FFE5E800A7264E /* Utils.swift */,
				CC8FAD87260063B900A7264E /* Bindings */,
				CC6471D325FFB5BC0068D82C /* Views */,
				CC8FAD3725FFE19000A7264E /* Services */,
				CC6471D425FFB5D00068D82C /* Models */,
				CC6471A625FFB5A80068D82C /* Assets.xcassets */,
				CC6471AB25FFB5A80068D82C /* LaunchScreen.storyboard */,
				CC6471AE25FFB5A80068D82C /* Info.plist */,
				CC6471A325FFB5A70068D82C /* BrubankMovieDBExercise.xcdatamodeld */,
				CC6471A825FFB5A80068D82C /* Preview Content */,
			);
			path = BrubankMovieDBExercise;
			sourceTree = "<group>";
		};
		CC6471A825FFB5A80068D82C /* Preview Content */ = {
			isa = PBXGroup;
			children = (
				CC8FAD5D25FFF19200A7264E /* Resources */,
				CC6471A925FFB5A80068D82C /* Preview Assets.xcassets */,
				CC8FAD5825FFF13900A7264E /* SampledPreviews.swift */,
			);
			path = "Preview Content";
			sourceTree = "<group>";
		};
		CC6471B625FFB5A80068D82C /* BrubankMovieDBExerciseTests */ = {
			isa = PBXGroup;
			children = (
				CC6471B725FFB5A80068D82C /* BrubankMovieDBExerciseTests.swift */,
				CC6471B925FFB5A80068D82C /* Info.plist */,
			);
			path = BrubankMovieDBExerciseTests;
			sourceTree = "<group>";
		};
		CC6471C125FFB5A80068D82C /* BrubankMovieDBExerciseUITests */ = {
			isa = PBXGroup;
			children = (
				CC6471C225FFB5A80068D82C /* BrubankMovieDBExerciseUITests.swift */,
				CC6471C425FFB5A80068D82C /* Info.plist */,
			);
			path = BrubankMovieDBExerciseUITests;
			sourceTree = "<group>";
		};
		CC6471D325FFB5BC0068D82C /* Views */ = {
			isa = PBXGroup;
			children = (
				CC8A5B3D2600F36800373B1A /* UIKit Views */,
				CC8FAD4A25FFEEA500A7264E /* TVShowCardViews */,
				CC8A5B2E2600ED0D00373B1A /* FavoriteTVShowCarouselView.swift */,
				CC7DFFFB26012C2200044EF1 /* AllTVShowsView.swift */,
				CC8A5B332600EEBF00373B1A /* TVShowDetailView.swift */,
				CCFC6EA126013AC800E57E0F /* TVShowSearchView.swift */,
				CC8A5B382600F2BE00373B1A /* LoadingView.swift */,
				CC6471A125FFB5A70068D82C /* ContentView.swift */,
			);
			path = Views;
			sourceTree = "<group>";
		};
		CC6471D425FFB5D00068D82C /* Models */ = {
			isa = PBXGroup;
			children = (
				CCB99F992605040A000DE7B4 /* Extensions */,
				CC6471F025FFBD270068D82C /* TVShow.swift */,
				CCBDCDB52603B9DE00950B1E /* Genre.swift */,
			);
			path = Models;
			sourceTree = "<group>";
		};
		CC8A5B3D2600F36800373B1A /* UIKit Views */ = {
			isa = PBXGroup;
			children = (
				CC8A5B3E2600F37F00373B1A /* ActivityIndicatorView.swift */,
				CC8A5B3F2600F37F00373B1A /* SafariView.swift */,
				CC8A5B402600F37F00373B1A /* SearchBar.swift */,
			);
			path = "UIKit Views";
			sourceTree = "<group>";
		};
		CC8FAD3725FFE19000A7264E /* Services */ = {
			isa = PBXGroup;
			children = (
				CC8FAD3825FFE22D00A7264E /* APIRequestProtocol.swift */,
				CC8FAD4025FFE24600A7264E /* APIRequest.swift */,
			);
			path = Services;
			sourceTree = "<group>";
		};
		CC8FAD4A25FFEEA500A7264E /* TVShowCardViews */ = {
			isa = PBXGroup;
			children = (
				CC8FAD4B25FFEEE700A7264E /* TVShowBackDropView.swift */,
				CC8FAD7A2600482B00A7264E /* TVShowPosterView.swift */,
			);
			path = TVShowCardViews;
			sourceTree = "<group>";
		};
		CC8FAD5D25FFF19200A7264E /* Resources */ = {
			isa = PBXGroup;
			children = (
				CCBDCDB02603B9C700950B1E /* genres.json */,
				CC8FAD6C25FFF2A600A7264E /* search_tvshow.json */,
				CC8FAD6A25FFF2A600A7264E /* tvshow_info.json */,
				CC8FAD6B25FFF2A600A7264E /* tvshow_list.json */,
				CCFC6EAC2601606F00E57E0F /* tvshow_list2.json */,
			);
			path = Resources;
			sourceTree = "<group>";
		};
		CC8FAD87260063B900A7264E /* Bindings */ = {
			isa = PBXGroup;
			children = (
				CC8FAD5325FFEFBF00A7264E /* ImageLoader.swift */,
				CC8FAD882600641800A7264E /* TVShowDetailState.swift */,
				CC8A5B242600E8F100373B1A /* TVShowListState.swift */,
				CC8A5B292600EADA00373B1A /* TVShowSearchState.swift */,
				CCBDCDCD2603D19D00950B1E /* GenreListState.swift */,
			);
			path = Bindings;
			sourceTree = "<group>";
		};
		CCB99F992605040A000DE7B4 /* Extensions */ = {
			isa = PBXGroup;
			children = (
				CCB99F9A26050477000DE7B4 /* UIImage+Extension.swift */,
			);
			path = Extensions;
			sourceTree = "<group>";
		};
/* End PBXGroup section */

/* Begin PBXNativeTarget section */
		CC64719925FFB5A70068D82C /* BrubankMovieDBExercise */ = {
			isa = PBXNativeTarget;
			buildConfigurationList = CC6471C725FFB5A80068D82C /* Build configuration list for PBXNativeTarget "BrubankMovieDBExercise" */;
			buildPhases = (
				CC64719625FFB5A70068D82C /* Sources */,
				CC64719725FFB5A70068D82C /* Frameworks */,
				CC64719825FFB5A70068D82C /* Resources */,
			);
			buildRules = (
			);
			dependencies = (
			);
			name = BrubankMovieDBExercise;
			productName = BrubankMovieDBExercise;
			productReference = CC64719A25FFB5A70068D82C /* BrubankMovieDBExercise.app */;
			productType = "com.apple.product-type.application";
		};
		CC6471B225FFB5A80068D82C /* BrubankMovieDBExerciseTests */ = {
			isa = PBXNativeTarget;
			buildConfigurationList = CC6471CA25FFB5A80068D82C /* Build configuration list for PBXNativeTarget "BrubankMovieDBExerciseTests" */;
			buildPhases = (
				CC6471AF25FFB5A80068D82C /* Sources */,
				CC6471B025FFB5A80068D82C /* Frameworks */,
				CC6471B125FFB5A80068D82C /* Resources */,
			);
			buildRules = (
			);
			dependencies = (
				CC6471B525FFB5A80068D82C /* PBXTargetDependency */,
			);
			name = BrubankMovieDBExerciseTests;
			productName = BrubankMovieDBExerciseTests;
			productReference = CC6471B325FFB5A80068D82C /* BrubankMovieDBExerciseTests.xctest */;
			productType = "com.apple.product-type.bundle.unit-test";
		};
		CC6471BD25FFB5A80068D82C /* BrubankMovieDBExerciseUITests */ = {
			isa = PBXNativeTarget;
			buildConfigurationList = CC6471CD25FFB5A80068D82C /* Build configuration list for PBXNativeTarget "BrubankMovieDBExerciseUITests" */;
			buildPhases = (
				CC6471BA25FFB5A80068D82C /* Sources */,
				CC6471BB25FFB5A80068D82C /* Frameworks */,
				CC6471BC25FFB5A80068D82C /* Resources */,
			);
			buildRules = (
			);
			dependencies = (
				CC6471C025FFB5A80068D82C /* PBXTargetDependency */,
			);
			name = BrubankMovieDBExerciseUITests;
			productName = BrubankMovieDBExerciseUITests;
			productReference = CC6471BE25FFB5A80068D82C /* BrubankMovieDBExerciseUITests.xctest */;
			productType = "com.apple.product-type.bundle.ui-testing";
		};
/* End PBXNativeTarget section */

/* Begin PBXProject section */
		CC64719225FFB5A70068D82C /* Project object */ = {
			isa = PBXProject;
			attributes = {
				LastSwiftUpdateCheck = 1220;
				LastUpgradeCheck = 1220;
				TargetAttributes = {
					CC64719925FFB5A70068D82C = {
						CreatedOnToolsVersion = 12.2;
					};
					CC6471B225FFB5A80068D82C = {
						CreatedOnToolsVersion = 12.2;
						TestTargetID = CC64719925FFB5A70068D82C;
					};
					CC6471BD25FFB5A80068D82C = {
						CreatedOnToolsVersion = 12.2;
						TestTargetID = CC64719925FFB5A70068D82C;
					};
				};
			};
			buildConfigurationList = CC64719525FFB5A70068D82C /* Build configuration list for PBXProject "BrubankMovieDBExercise" */;
			compatibilityVersion = "Xcode 9.3";
			developmentRegion = en;
			hasScannedForEncodings = 0;
			knownRegions = (
				en,
				Base,
			);
			mainGroup = CC64719125FFB5A70068D82C;
			productRefGroup = CC64719B25FFB5A70068D82C /* Products */;
			projectDirPath = "";
			projectRoot = "";
			targets = (
				CC64719925FFB5A70068D82C /* BrubankMovieDBExercise */,
				CC6471B225FFB5A80068D82C /* BrubankMovieDBExerciseTests */,
				CC6471BD25FFB5A80068D82C /* BrubankMovieDBExerciseUITests */,
			);
		};
/* End PBXProject section */

/* Begin PBXResourcesBuildPhase section */
		CC64719825FFB5A70068D82C /* Resources */ = {
			isa = PBXResourcesBuildPhase;
			buildActionMask = 2147483647;
			files = (
				CC8FAD6F25FFF2A600A7264E /* search_tvshow.json in Resources */,
				CC8FAD6E25FFF2A600A7264E /* tvshow_list.json in Resources */,
				CC6471AD25FFB5A80068D82C /* LaunchScreen.storyboard in Resources */,
				CC6471AA25FFB5A80068D82C /* Preview Assets.xcassets in Resources */,
				CC8FAD6D25FFF2A600A7264E /* tvshow_info.json in Resources */,
				CCFC6EAD2601606F00E57E0F /* tvshow_list2.json in Resources */,
				CC6471A725FFB5A80068D82C /* Assets.xcassets in Resources */,
				CCBDCDB12603B9C700950B1E /* genres.json in Resources */,
			);
			runOnlyForDeploymentPostprocessing = 0;
		};
		CC6471B125FFB5A80068D82C /* Resources */ = {
			isa = PBXResourcesBuildPhase;
			buildActionMask = 2147483647;
			files = (
			);
			runOnlyForDeploymentPostprocessing = 0;
		};
		CC6471BC25FFB5A80068D82C /* Resources */ = {
			isa = PBXResourcesBuildPhase;
			buildActionMask = 2147483647;
			files = (
			);
			runOnlyForDeploymentPostprocessing = 0;
		};
/* End PBXResourcesBuildPhase section */

/* Begin PBXSourcesBuildPhase section */
		CC64719625FFB5A70068D82C /* Sources */ = {
			isa = PBXSourcesBuildPhase;
			buildActionMask = 2147483647;
			files = (
				CC8A5B252600E8F100373B1A /* TVShowListState.swift in Sources */,
				CC6471EC25FFB6F80068D82C /* Constants.swift in Sources */,
				CC8FAD3925FFE22D00A7264E /* APIRequestProtocol.swift in Sources */,
				CC8FAD7B2600482B00A7264E /* TVShowPosterView.swift in Sources */,
				CC8A5B2A2600EADA00373B1A /* TVShowSearchState.swift in Sources */,
				CCFC6EA226013AC800E57E0F /* TVShowSearchView.swift in Sources */,
				CC8FAD892600641800A7264E /* TVShowDetailState.swift in Sources */,
				CC8FAD4625FFE5E800A7264E /* Utils.swift in Sources */,
				CC8FAD5925FFF13900A7264E /* SampledPreviews.swift in Sources */,
				CCBDCDCE2603D19D00950B1E /* GenreListState.swift in Sources */,
				CC8FAD4C25FFEEE700A7264E /* TVShowBackDropView.swift in Sources */,
				CC8A5B432600F37F00373B1A /* SearchBar.swift in Sources */,
				CCBDCDB62603B9DE00950B1E /* Genre.swift in Sources */,
				CC8FAD4125FFE24600A7264E /* APIRequest.swift in Sources */,
				CC8FAD5425FFEFBF00A7264E /* ImageLoader.swift in Sources */,
				CC7DFFFC26012C2200044EF1 /* AllTVShowsView.swift in Sources */,
				CC8A5B412600F37F00373B1A /* ActivityIndicatorView.swift in Sources */,
				CC8A5B2F2600ED0D00373B1A /* FavoriteTVShowCarouselView.swift in Sources */,
				CC8A5B422600F37F00373B1A /* SafariView.swift in Sources */,
				CC8A5B342600EEBF00373B1A /* TVShowDetailView.swift in Sources */,
				CC64719E25FFB5A70068D82C /* AppDelegate.swift in Sources */,
				CCB99F9B26050477000DE7B4 /* UIImage+Extension.swift in Sources */,
				CC6471F125FFBD270068D82C /* TVShow.swift in Sources */,
				CC6471A025FFB5A70068D82C /* SceneDelegate.swift in Sources */,
				CC6471A525FFB5A70068D82C /* BrubankMovieDBExercise.xcdatamodeld in Sources */,
				CC8A5B392600F2BE00373B1A /* LoadingView.swift in Sources */,
				CC6471A225FFB5A70068D82C /* ContentView.swift in Sources */,
			);
			runOnlyForDeploymentPostprocessing = 0;
		};
		CC6471AF25FFB5A80068D82C /* Sources */ = {
			isa = PBXSourcesBuildPhase;
			buildActionMask = 2147483647;
			files = (
				CC6471B825FFB5A80068D82C /* BrubankMovieDBExerciseTests.swift in Sources */,
			);
			runOnlyForDeploymentPostprocessing = 0;
		};
		CC6471BA25FFB5A80068D82C /* Sources */ = {
			isa = PBXSourcesBuildPhase;
			buildActionMask = 2147483647;
			files = (
				CC6471C325FFB5A80068D82C /* BrubankMovieDBExerciseUITests.swift in Sources */,
			);
			runOnlyForDeploymentPostprocessing = 0;
		};
/* End PBXSourcesBuildPhase section */

/* Begin PBXTargetDependency section */
		CC6471B525FFB5A80068D82C /* PBXTargetDependency */ = {
			isa = PBXTargetDependency;
			target = CC64719925FFB5A70068D82C /* BrubankMovieDBExercise */;
			targetProxy = CC6471B425FFB5A80068D82C /* PBXContainerItemProxy */;
		};
		CC6471C025FFB5A80068D82C /* PBXTargetDependency */ = {
			isa = PBXTargetDependency;
			target = CC64719925FFB5A70068D82C /* BrubankMovieDBExercise */;
			targetProxy = CC6471BF25FFB5A80068D82C /* PBXContainerItemProxy */;
		};
/* End PBXTargetDependency section */

/* Begin PBXVariantGroup section */
		CC6471AB25FFB5A80068D82C /* LaunchScreen.storyboard */ = {
			isa = PBXVariantGroup;
			children = (
				CC6471AC25FFB5A80068D82C /* Base */,
			);
			name = LaunchScreen.storyboard;
			sourceTree = "<group>";
		};
/* End PBXVariantGroup section */

/* Begin XCBuildConfiguration section */
		CC6471C525FFB5A80068D82C /* Debug */ = {
			isa = XCBuildConfiguration;
			buildSettings = {
				ALWAYS_SEARCH_USER_PATHS = NO;
				CLANG_ANALYZER_NONNULL = YES;
				CLANG_ANALYZER_NUMBER_OBJECT_CONVERSION = YES_AGGRESSIVE;
				CLANG_CXX_LANGUAGE_STANDARD = "gnu++14";
				CLANG_CXX_LIBRARY = "libc++";
				CLANG_ENABLE_MODULES = YES;
				CLANG_ENABLE_OBJC_ARC = YES;
				CLANG_ENABLE_OBJC_WEAK = YES;
				CLANG_WARN_BLOCK_CAPTURE_AUTORELEASING = YES;
				CLANG_WARN_BOOL_CONVERSION = YES;
				CLANG_WARN_COMMA = YES;
				CLANG_WARN_CONSTANT_CONVERSION = YES;
				CLANG_WARN_DEPRECATED_OBJC_IMPLEMENTATIONS = YES;
				CLANG_WARN_DIRECT_OBJC_ISA_USAGE = YES_ERROR;
				CLANG_WARN_DOCUMENTATION_COMMENTS = YES;
				CLANG_WARN_EMPTY_BODY = YES;
				CLANG_WARN_ENUM_CONVERSION = YES;
				CLANG_WARN_INFINITE_RECURSION = YES;
				CLANG_WARN_INT_CONVERSION = YES;
				CLANG_WARN_NON_LITERAL_NULL_CONVERSION = YES;
				CLANG_WARN_OBJC_IMPLICIT_RETAIN_SELF = YES;
				CLANG_WARN_OBJC_LITERAL_CONVERSION = YES;
				CLANG_WARN_OBJC_ROOT_CLASS = YES_ERROR;
				CLANG_WARN_QUOTED_INCLUDE_IN_FRAMEWORK_HEADER = YES;
				CLANG_WARN_RANGE_LOOP_ANALYSIS = YES;
				CLANG_WARN_STRICT_PROTOTYPES = YES;
				CLANG_WARN_SUSPICIOUS_MOVE = YES;
				CLANG_WARN_UNGUARDED_AVAILABILITY = YES_AGGRESSIVE;
				CLANG_WARN_UNREACHABLE_CODE = YES;
				CLANG_WARN__DUPLICATE_METHOD_MATCH = YES;
				COPY_PHASE_STRIP = NO;
				DEBUG_INFORMATION_FORMAT = dwarf;
				ENABLE_STRICT_OBJC_MSGSEND = YES;
				ENABLE_TESTABILITY = YES;
				GCC_C_LANGUAGE_STANDARD = gnu11;
				GCC_DYNAMIC_NO_PIC = NO;
				GCC_NO_COMMON_BLOCKS = YES;
				GCC_OPTIMIZATION_LEVEL = 0;
				GCC_PREPROCESSOR_DEFINITIONS = (
					"DEBUG=1",
					"$(inherited)",
				);
				GCC_WARN_64_TO_32_BIT_CONVERSION = YES;
				GCC_WARN_ABOUT_RETURN_TYPE = YES_ERROR;
				GCC_WARN_UNDECLARED_SELECTOR = YES;
				GCC_WARN_UNINITIALIZED_AUTOS = YES_AGGRESSIVE;
				GCC_WARN_UNUSED_FUNCTION = YES;
				GCC_WARN_UNUSED_VARIABLE = YES;
				IPHONEOS_DEPLOYMENT_TARGET = 14.2;
				MTL_ENABLE_DEBUG_INFO = INCLUDE_SOURCE;
				MTL_FAST_MATH = YES;
				ONLY_ACTIVE_ARCH = YES;
				SDKROOT = iphoneos;
				SWIFT_ACTIVE_COMPILATION_CONDITIONS = DEBUG;
				SWIFT_OPTIMIZATION_LEVEL = "-Onone";
			};
			name = Debug;
		};
		CC6471C625FFB5A80068D82C /* Release */ = {
			isa = XCBuildConfiguration;
			buildSettings = {
				ALWAYS_SEARCH_USER_PATHS = NO;
				CLANG_ANALYZER_NONNULL = YES;
				CLANG_ANALYZER_NUMBER_OBJECT_CONVERSION = YES_AGGRESSIVE;
				CLANG_CXX_LANGUAGE_STANDARD = "gnu++14";
				CLANG_CXX_LIBRARY = "libc++";
				CLANG_ENABLE_MODULES = YES;
				CLANG_ENABLE_OBJC_ARC = YES;
				CLANG_ENABLE_OBJC_WEAK = YES;
				CLANG_WARN_BLOCK_CAPTURE_AUTORELEASING = YES;
				CLANG_WARN_BOOL_CONVERSION = YES;
				CLANG_WARN_COMMA = YES;
				CLANG_WARN_CONSTANT_CONVERSION = YES;
				CLANG_WARN_DEPRECATED_OBJC_IMPLEMENTATIONS = YES;
				CLANG_WARN_DIRECT_OBJC_ISA_USAGE = YES_ERROR;
				CLANG_WARN_DOCUMENTATION_COMMENTS = YES;
				CLANG_WARN_EMPTY_BODY = YES;
				CLANG_WARN_ENUM_CONVERSION = YES;
				CLANG_WARN_INFINITE_RECURSION = YES;
				CLANG_WARN_INT_CONVERSION = YES;
				CLANG_WARN_NON_LITERAL_NULL_CONVERSION = YES;
				CLANG_WARN_OBJC_IMPLICIT_RETAIN_SELF = YES;
				CLANG_WARN_OBJC_LITERAL_CONVERSION = YES;
				CLANG_WARN_OBJC_ROOT_CLASS = YES_ERROR;
				CLANG_WARN_QUOTED_INCLUDE_IN_FRAMEWORK_HEADER = YES;
				CLANG_WARN_RANGE_LOOP_ANALYSIS = YES;
				CLANG_WARN_STRICT_PROTOTYPES = YES;
				CLANG_WARN_SUSPICIOUS_MOVE = YES;
				CLANG_WARN_UNGUARDED_AVAILABILITY = YES_AGGRESSIVE;
				CLANG_WARN_UNREACHABLE_CODE = YES;
				CLANG_WARN__DUPLICATE_METHOD_MATCH = YES;
				COPY_PHASE_STRIP = NO;
				DEBUG_INFORMATION_FORMAT = "dwarf-with-dsym";
				ENABLE_NS_ASSERTIONS = NO;
				ENABLE_STRICT_OBJC_MSGSEND = YES;
				GCC_C_LANGUAGE_STANDARD = gnu11;
				GCC_NO_COMMON_BLOCKS = YES;
				GCC_WARN_64_TO_32_BIT_CONVERSION = YES;
				GCC_WARN_ABOUT_RETURN_TYPE = YES_ERROR;
				GCC_WARN_UNDECLARED_SELECTOR = YES;
				GCC_WARN_UNINITIALIZED_AUTOS = YES_AGGRESSIVE;
				GCC_WARN_UNUSED_FUNCTION = YES;
				GCC_WARN_UNUSED_VARIABLE = YES;
				IPHONEOS_DEPLOYMENT_TARGET = 14.2;
				MTL_ENABLE_DEBUG_INFO = NO;
				MTL_FAST_MATH = YES;
				SDKROOT = iphoneos;
				SWIFT_COMPILATION_MODE = wholemodule;
				SWIFT_OPTIMIZATION_LEVEL = "-O";
				VALIDATE_PRODUCT = YES;
			};
			name = Release;
		};
		CC6471C825FFB5A80068D82C /* Debug */ = {
			isa = XCBuildConfiguration;
			buildSettings = {
				ASSETCATALOG_COMPILER_APPICON_NAME = AppIcon;
				ASSETCATALOG_COMPILER_GLOBAL_ACCENT_COLOR_NAME = AccentColor;
				CODE_SIGN_STYLE = Automatic;
				DEVELOPMENT_ASSET_PATHS = "\"BrubankMovieDBExercise/Preview Content\"";
				DEVELOPMENT_TEAM = 2UBRYB2VPL;
				ENABLE_PREVIEWS = YES;
				INFOPLIST_FILE = BrubankMovieDBExercise/Info.plist;
				LD_RUNPATH_SEARCH_PATHS = (
					"$(inherited)",
					"@executable_path/Frameworks",
				);
				PRODUCT_BUNDLE_IDENTIFIER = com.ar.waypass.BrubankMovieDBExercise;
				PRODUCT_NAME = "$(TARGET_NAME)";
				SWIFT_VERSION = 5.0;
				TARGETED_DEVICE_FAMILY = "1,2";
			};
			name = Debug;
		};
		CC6471C925FFB5A80068D82C /* Release */ = {
			isa = XCBuildConfiguration;
			buildSettings = {
				ASSETCATALOG_COMPILER_APPICON_NAME = AppIcon;
				ASSETCATALOG_COMPILER_GLOBAL_ACCENT_COLOR_NAME = AccentColor;
				CODE_SIGN_STYLE = Automatic;
				DEVELOPMENT_ASSET_PATHS = "\"BrubankMovieDBExercise/Preview Content\"";
				DEVELOPMENT_TEAM = 2UBRYB2VPL;
				ENABLE_PREVIEWS = YES;
				INFOPLIST_FILE = BrubankMovieDBExercise/Info.plist;
				LD_RUNPATH_SEARCH_PATHS = (
					"$(inherited)",
					"@executable_path/Frameworks",
				);
				PRODUCT_BUNDLE_IDENTIFIER = com.ar.waypass.BrubankMovieDBExercise;
				PRODUCT_NAME = "$(TARGET_NAME)";
				SWIFT_VERSION = 5.0;
				TARGETED_DEVICE_FAMILY = "1,2";
			};
			name = Release;
		};
		CC6471CB25FFB5A80068D82C /* Debug */ = {
			isa = XCBuildConfiguration;
			buildSettings = {
				ALWAYS_EMBED_SWIFT_STANDARD_LIBRARIES = YES;
				BUNDLE_LOADER = "$(TEST_HOST)";
				CODE_SIGN_STYLE = Automatic;
				DEVELOPMENT_TEAM = 2UBRYB2VPL;
				INFOPLIST_FILE = BrubankMovieDBExerciseTests/Info.plist;
				IPHONEOS_DEPLOYMENT_TARGET = 14.2;
				LD_RUNPATH_SEARCH_PATHS = (
					"$(inherited)",
					"@executable_path/Frameworks",
					"@loader_path/Frameworks",
				);
				PRODUCT_BUNDLE_IDENTIFIER = com.ar.waypass.BrubankMovieDBExerciseTests;
				PRODUCT_NAME = "$(TARGET_NAME)";
				SWIFT_VERSION = 5.0;
				TARGETED_DEVICE_FAMILY = "1,2";
				TEST_HOST = "$(BUILT_PRODUCTS_DIR)/BrubankMovieDBExercise.app/BrubankMovieDBExercise";
			};
			name = Debug;
		};
		CC6471CC25FFB5A80068D82C /* Release */ = {
			isa = XCBuildConfiguration;
			buildSettings = {
				ALWAYS_EMBED_SWIFT_STANDARD_LIBRARIES = YES;
				BUNDLE_LOADER = "$(TEST_HOST)";
				CODE_SIGN_STYLE = Automatic;
				DEVELOPMENT_TEAM = 2UBRYB2VPL;
				INFOPLIST_FILE = BrubankMovieDBExerciseTests/Info.plist;
				IPHONEOS_DEPLOYMENT_TARGET = 14.2;
				LD_RUNPATH_SEARCH_PATHS = (
					"$(inherited)",
					"@executable_path/Frameworks",
					"@loader_path/Frameworks",
				);
				PRODUCT_BUNDLE_IDENTIFIER = com.ar.waypass.BrubankMovieDBExerciseTests;
				PRODUCT_NAME = "$(TARGET_NAME)";
				SWIFT_VERSION = 5.0;
				TARGETED_DEVICE_FAMILY = "1,2";
				TEST_HOST = "$(BUILT_PRODUCTS_DIR)/BrubankMovieDBExercise.app/BrubankMovieDBExercise";
			};
			name = Release;
		};
		CC6471CE25FFB5A80068D82C /* Debug */ = {
			isa = XCBuildConfiguration;
			buildSettings = {
				ALWAYS_EMBED_SWIFT_STANDARD_LIBRARIES = YES;
				CODE_SIGN_STYLE = Automatic;
				DEVELOPMENT_TEAM = 2UBRYB2VPL;
				INFOPLIST_FILE = BrubankMovieDBExerciseUITests/Info.plist;
				LD_RUNPATH_SEARCH_PATHS = (
					"$(inherited)",
					"@executable_path/Frameworks",
					"@loader_path/Frameworks",
				);
				PRODUCT_BUNDLE_IDENTIFIER = com.ar.waypass.BrubankMovieDBExerciseUITests;
				PRODUCT_NAME = "$(TARGET_NAME)";
				SWIFT_VERSION = 5.0;
				TARGETED_DEVICE_FAMILY = "1,2";
				TEST_TARGET_NAME = BrubankMovieDBExercise;
			};
			name = Debug;
		};
		CC6471CF25FFB5A80068D82C /* Release */ = {
			isa = XCBuildConfiguration;
			buildSettings = {
				ALWAYS_EMBED_SWIFT_STANDARD_LIBRARIES = YES;
				CODE_SIGN_STYLE = Automatic;
				DEVELOPMENT_TEAM = 2UBRYB2VPL;
				INFOPLIST_FILE = BrubankMovieDBExerciseUITests/Info.plist;
				LD_RUNPATH_SEARCH_PATHS = (
					"$(inherited)",
					"@executable_path/Frameworks",
					"@loader_path/Frameworks",
				);
				PRODUCT_BUNDLE_IDENTIFIER = com.ar.waypass.BrubankMovieDBExerciseUITests;
				PRODUCT_NAME = "$(TARGET_NAME)";
				SWIFT_VERSION = 5.0;
				TARGETED_DEVICE_FAMILY = "1,2";
				TEST_TARGET_NAME = BrubankMovieDBExercise;
			};
			name = Release;
		};
/* End XCBuildConfiguration section */

/* Begin XCConfigurationList section */
		CC64719525FFB5A70068D82C /* Build configuration list for PBXProject "BrubankMovieDBExercise" */ = {
			isa = XCConfigurationList;
			buildConfigurations = (
				CC6471C525FFB5A80068D82C /* Debug */,
				CC6471C625FFB5A80068D82C /* Release */,
			);
			defaultConfigurationIsVisible = 0;
			defaultConfigurationName = Release;
		};
		CC6471C725FFB5A80068D82C /* Build configuration list for PBXNativeTarget "BrubankMovieDBExercise" */ = {
			isa = XCConfigurationList;
			buildConfigurations = (
				CC6471C825FFB5A80068D82C /* Debug */,
				CC6471C925FFB5A80068D82C /* Release */,
			);
			defaultConfigurationIsVisible = 0;
			defaultConfigurationName = Release;
		};
		CC6471CA25FFB5A80068D82C /* Build configuration list for PBXNativeTarget "BrubankMovieDBExerciseTests" */ = {
			isa = XCConfigurationList;
			buildConfigurations = (
				CC6471CB25FFB5A80068D82C /* Debug */,
				CC6471CC25FFB5A80068D82C /* Release */,
			);
			defaultConfigurationIsVisible = 0;
			defaultConfigurationName = Release;
		};
		CC6471CD25FFB5A80068D82C /* Build configuration list for PBXNativeTarget "BrubankMovieDBExerciseUITests" */ = {
			isa = XCConfigurationList;
			buildConfigurations = (
				CC6471CE25FFB5A80068D82C /* Debug */,
				CC6471CF25FFB5A80068D82C /* Release */,
			);
			defaultConfigurationIsVisible = 0;
			defaultConfigurationName = Release;
		};
/* End XCConfigurationList section */

/* Begin XCVersionGroup section */
		CC6471A325FFB5A70068D82C /* BrubankMovieDBExercise.xcdatamodeld */ = {
			isa = XCVersionGroup;
			children = (
				CC6471A425FFB5A70068D82C /* BrubankMovieDBExercise.xcdatamodel */,
			);
			currentVersion = CC6471A425FFB5A70068D82C /* BrubankMovieDBExercise.xcdatamodel */;
			path = BrubankMovieDBExercise.xcdatamodeld;
			sourceTree = "<group>";
			versionGroupType = wrapper.xcdatamodel;
		};
/* End XCVersionGroup section */
	};
	rootObject = CC64719225FFB5A70068D82C /* Project object */;
}
